
Microsoft Visual Studio Solution File, Format Version 12.00
# Visual Studio Version 16
VisualStudioVersion = 16.0.31727.386
MinimumVisualStudioVersion = 10.0.40219.1
Project("{FAE04EC0-301F-11D3-BF4B-00C04F79EFBC}") = "Ws.socket", "SocketIO\Ws.socket.csproj", "{162E9222-68BC-4BAD-983D-7911EA770587}"
EndProject
Project("{FAE04EC0-301F-11D3-BF4B-00C04F79EFBC}") = "Ws.client", "Ws.client\Ws.client.csproj", "{D9C0875D-67C9-4E5A-9EBD-385C16694702}"
EndProject
Global
	GlobalSection(SolutionConfigurationPlatforms) = preSolution
		Debug|Any CPU = Debug|Any CPU
		Release|Any CPU = Release|Any CPU
	EndGlobalSection
	GlobalSection(ProjectConfigurationPlatforms) = postSolution
		{162E9222-68BC-4BAD-983D-7911EA770587}.Debug|Any CPU.ActiveCfg = Debug|Any CPU
		{162E9222-68BC-4BAD-983D-7911EA770587}.Debug|Any CPU.Build.0 = Debug|Any CPU
		{162E9222-68BC-4BAD-983D-7911EA770587}.Release|Any CPU.ActiveCfg = Release|Any CPU
		{162E9222-68BC-4BAD-983D-7911EA770587}.Release|Any CPU.Build.0 = Release|Any CPU
		{D9C0875D-67C9-4E5A-9EBD-385C16694702}.Debug|Any CPU.ActiveCfg = Debug|Any CPU
		{D9C0875D-67C9-4E5A-9EBD-385C16694702}.Debug|Any CPU.Build.0 = Debug|Any CPU
		{D9C0875D-67C9-4E5A-9EBD-385C16694702}.Release|Any CPU.ActiveCfg = Release|Any CPU
		{D9C0875D-67C9-4E5A-9EBD-385C16694702}.Release|Any CPU.Build.0 = Release|Any CPU
	EndGlobalSection
	GlobalSection(SolutionProperties) = preSolution
		HideSolutionNode = FALSE
	EndGlobalSection
	GlobalSection(ExtensibilityGlobals) = postSolution
		SolutionGuid = {16B9D843-2397-4839-A9F5-0B73D5651107}
	EndGlobalSection
EndGlobal
